{
  "pins" : [
    {
      "identity" : "alamofire",
      "kind" : "remoteSourceControl",
      "location" : "https://github.com/Alamofire/Alamofire.git",
      "state" : {
        "revision" : "8dd85aee02e39dd280c75eef88ffdb86eed4b07b",
        "version" : "5.6.2"
      }
    },
    {
      "identity" : "alamofireimage",
      "kind" : "remoteSourceControl",
      "location" : "https://github.com/Alamofire/AlamofireImage",
      "state" : {
        "revision" : "98cbb00ce0ec5fc8e52a5b50a6bfc08d3e5aee10",
        "version" : "4.2.0"
      }
    },
    {
      "identity" : "carthage",
      "kind" : "remoteSourceControl",
      "location" : "https://github.com/Carthage/Carthage",
      "state" : {
        "revision" : "9a3d1799ba8f8b9e2d4514cfa53a2cca6064136e",
        "version" : "0.38.0"
      }
    },
    {
      "identity" : "commandant",
      "kind" : "remoteSourceControl",
      "location" : "https://github.com/Carthage/Commandant.git",
      "state" : {
        "revision" : "a1671cf728db837cf5ec1980a80d276bbba748f6",
        "version" : "0.18.0"
      }
    },
    {
      "identity" : "curry",
      "kind" : "remoteSourceControl",
      "location" : "https://github.com/thoughtbot/Curry.git",
      "state" : {
        "revision" : "4331dd50bc1db007db664a23f32e6f3df93d4e1a",
        "version" : "4.0.2"
      }
    },
    {
      "identity" : "nimble",
      "kind" : "remoteSourceControl",
      "location" : "https://github.com/Quick/Nimble.git",
      "state" : {
        "revision" : "7a46a5fc86cb917f69e3daf79fcb045283d8f008",
        "version" : "8.1.2"
      }
    },
    {
      "identity" : "prettycolors",
      "kind" : "remoteSourceControl",
      "location" : "https://github.com/jdhealy/PrettyColors.git",
      "state" : {
        "revision" : "afd4553a4db6f656521cfe9b1f70bece2748c7d8",
        "version" : "5.0.2"
      }
    },
    {
      "identity" : "quick",
      "kind" : "remoteSourceControl",
      "location" : "https://github.com/Quick/Quick.git",
      "state" : {
        "revision" : "09b3becb37cb2163919a3842a4c5fa6ec7130792",
        "version" : "2.2.1"
      }
    },
    {
      "identity" : "reactiveswift",
      "kind" : "remoteSourceControl",
      "location" : "https://github.com/ReactiveCocoa/ReactiveSwift.git",
      "state" : {
        "revision" : "c37950dc5020544c58d4bf47c0d028893686b9e6",
        "version" : "5.0.1"
      }
    },
    {
      "identity" : "reactivetask",
      "kind" : "remoteSourceControl",
      "location" : "https://github.com/Carthage/ReactiveTask.git",
      "state" : {
        "revision" : "df1bf7625684180b9377a8ba3c076db08d98757e",
        "version" : "0.16.0"
      }
    },
    {
      "identity" : "result",
      "kind" : "remoteSourceControl",
      "location" : "https://github.com/antitypical/Result.git",
      "state" : {
        "revision" : "2ca499ba456795616fbc471561ff1d963e6ae160",
        "version" : "4.1.0"
      }
    },
    {
      "identity" : "tentacle",
      "kind" : "remoteSourceControl",
      "location" : "https://github.com/mdiep/Tentacle.git",
      "state" : {
        "revision" : "578edd088b03bc749c49253b15ae2d5aaa9aa7df",
        "version" : "0.13.1"
      }
    }
  ],
  "version" : 2
}
